
Microsoft Visual Studio Solution File, Format Version 12.00
# Visual Studio Version 16
VisualStudioVersion = 16.0.29709.97
MinimumVisualStudioVersion = 10.0.40219.1
Project("{FAE04EC0-301F-11D3-BF4B-00C04F79EFBC}") = "ExcelAddIn", "ClassLibrary1\ExcelAddIn.csproj", "{C19971EF-9C41-4385-BB87-9423054301DA}"
EndProject
Project("{FAE04EC0-301F-11D3-BF4B-00C04F79EFBC}") = "WindowsFormsApp1", "WindowsFormsApp1\WindowsFormsApp1.csproj", "{D898F77B-078C-4B7F-99C4-652BEEBF06D0}"
EndProject
Global
	GlobalSection(SolutionConfigurationPlatforms) = preSolution
		Debug|Any CPU = Debug|Any CPU
		Release|Any CPU = Release|Any CPU
	EndGlobalSection
	GlobalSection(ProjectConfigurationPlatforms) = postSolution
		{C19971EF-9C41-4385-BB87-9423054301DA}.Debug|Any CPU.ActiveCfg = Debug|Any CPU
		{C19971EF-9C41-4385-BB87-9423054301DA}.Debug|Any CPU.Build.0 = Debug|Any CPU
		{C19971EF-9C41-4385-BB87-9423054301DA}.Release|Any CPU.ActiveCfg = Release|Any CPU
		{C19971EF-9C41-4385-BB87-9423054301DA}.Release|Any CPU.Build.0 = Release|Any CPU
		{D898F77B-078C-4B7F-99C4-652BEEBF06D0}.Debug|Any CPU.ActiveCfg = Debug|Any CPU
		{D898F77B-078C-4B7F-99C4-652BEEBF06D0}.Debug|Any CPU.Build.0 = Debug|Any CPU
		{D898F77B-078C-4B7F-99C4-652BEEBF06D0}.Release|Any CPU.ActiveCfg = Release|Any CPU
		{D898F77B-078C-4B7F-99C4-652BEEBF06D0}.Release|Any CPU.Build.0 = Release|Any CPU
	EndGlobalSection
	GlobalSection(SolutionProperties) = preSolution
		HideSolutionNode = FALSE
	EndGlobalSection
	GlobalSection(ExtensibilityGlobals) = postSolution
		SolutionGuid = {A078BEE1-F4E4-4107-B88B-09251ADFC06B}
	EndGlobalSection
EndGlobal
